
Microsoft Visual Studio Solution File, Format Version 9.00
# Visual Studio 2005
Project("{8BC9CEB8-8B4A-11D0-8D11-00A0C91BC942}") = "main", "main.vcproj", "{B50815B9-6DE5-40CB-8BB5-54FC20E84014}"
EndProject
Global
	GlobalSection(SolutionConfigurationPlatforms) = preSolution
		Debug|Win32 = Debug|Win32
		Release|Win32 = Release|Win32
	EndGlobalSection
	GlobalSection(ProjectConfigurationPlatforms) = postSolution
		{B50815B9-6DE5-40CB-8BB5-54FC20E84014}.Debug|Win32.ActiveCfg = Debug|Win32
		{B50815B9-6DE5-40CB-8BB5-54FC20E84014}.Debug|Win32.Build.0 = Debug|Win32
		{B50815B9-6DE5-40CB-8BB5-54FC20E84014}.Release|Win32.ActiveCfg = Release|Win32
		{B50815B9-6DE5-40CB-8BB5-54FC20E84014}.Release|Win32.Build.0 = Release|Win32
	EndGlobalSection
	GlobalSection(SolutionProperties) = preSolution
		HideSolutionNode = FALSE
	EndGlobalSection
EndGlobal
