
Microsoft Visual Studio Solution File, Format Version 9.00
# Visual Studio 2005
Project("{8BC9CEB8-8B4A-11D0-8D11-00A0C91BC942}") = "main", "main.vcproj", "{EEE5C902-C7B0-4117-AEB3-0FEBC9D8D680}"
EndProject
Global
	GlobalSection(SolutionConfigurationPlatforms) = preSolution
		Debug|Win32 = Debug|Win32
		Release|Win32 = Release|Win32
	EndGlobalSection
	GlobalSection(ProjectConfigurationPlatforms) = postSolution
		{EEE5C902-C7B0-4117-AEB3-0FEBC9D8D680}.Debug|Win32.ActiveCfg = Debug|Win32
		{EEE5C902-C7B0-4117-AEB3-0FEBC9D8D680}.Debug|Win32.Build.0 = Debug|Win32
		{EEE5C902-C7B0-4117-AEB3-0FEBC9D8D680}.Release|Win32.ActiveCfg = Release|Win32
		{EEE5C902-C7B0-4117-AEB3-0FEBC9D8D680}.Release|Win32.Build.0 = Release|Win32
	EndGlobalSection
	GlobalSection(SolutionProperties) = preSolution
		HideSolutionNode = FALSE
	EndGlobalSection
EndGlobal
